
Microsoft Visual Studio Solution File, Format Version 12.00
# Visual Studio Version 18
VisualStudioVersion = 18.0.11222.15
MinimumVisualStudioVersion = 10.0.40219.1
Project("{2150E333-8FDC-42A3-9474-1A3956D46DE8}") = "gss-common", "gss-common", "{E7A194BC-98CE-A69C-200D-44AEAD8B6E32}"
EndProject
Project("{2150E333-8FDC-42A3-9474-1A3956D46DE8}") = "Services", "Services", "{5854FF58-B8C5-05C6-5BF2-ACE42193F22B}"
EndProject
Project("{FAE04EC0-301F-11D3-BF4B-00C04F79EFBC}") = "GssCommon", "gss-common\GssCommon.csproj", "{0C280740-424B-B66E-132E-AECBE87EB4A5}"
EndProject
Project("{2150E333-8FDC-42A3-9474-1A3956D46DE8}") = "admin-service", "admin-service", "{F3344E01-8BBF-50BD-AED5-00FA3DAE1FC8}"
EndProject
Project("{FAE04EC0-301F-11D3-BF4B-00C04F79EFBC}") = "AdminService", "Services\admin-service\AdminService.csproj", "{282FFE3C-D647-B03C-72D6-249F33A645B4}"
EndProject
Project("{2150E333-8FDC-42A3-9474-1A3956D46DE8}") = "catalog-service", "catalog-service", "{0A4BA796-2639-87B5-8D50-FE6CF0121D9B}"
EndProject
Project("{FAE04EC0-301F-11D3-BF4B-00C04F79EFBC}") = "CatalogService", "Services\catalog-service\CatalogService.csproj", "{CBE755D1-9E7D-0C2F-65B4-10D499DBF65C}"
EndProject
Project("{2150E333-8FDC-42A3-9474-1A3956D46DE8}") = "file-service", "file-service", "{0627CD9B-BA06-0ED9-0877-4FB821572FE7}"
EndProject
Project("{FAE04EC0-301F-11D3-BF4B-00C04F79EFBC}") = "FileService", "Services\file-service\FileService.csproj", "{29F3AFF1-8833-47D1-8D81-075F58CFC8BA}"
EndProject
Project("{2150E333-8FDC-42A3-9474-1A3956D46DE8}") = "configuration-service", "configuration-service", "{464142BE-B5B2-AB4B-911D-973DEF93317D}"
EndProject
Project("{FAE04EC0-301F-11D3-BF4B-00C04F79EFBC}") = "ConfigurationService", "Services\configuration-service\ConfigurationService.csproj", "{5DBDB72E-0201-41B0-AE18-1FDE6E0E2D69}"
EndProject
Project("{2150E333-8FDC-42A3-9474-1A3956D46DE8}") = "bom-service", "bom-service", "{8A063391-14E5-367D-AF30-CE1EDBB2A0E4}"
EndProject
Project("{FAE04EC0-301F-11D3-BF4B-00C04F79EFBC}") = "BomService", "Services\bom-service\BomService.csproj", "{5C53077C-D96E-458C-9FB5-211E315A9850}"
EndProject
Project("{2150E333-8FDC-42A3-9474-1A3956D46DE8}") = "rule-service", "rule-service", "{A8F0E6D1-7A75-4E60-9C9C-4F0B3E0A4D12}"
EndProject
Project("{FAE04EC0-301F-11D3-BF4B-00C04F79EFBC}") = "RuleService", "Services\rule-service\RuleService.csproj", "{D4C1A0F3-1E27-4F59-9C2A-8D3A5C4E2B77}"
EndProject
Global
	GlobalSection(SolutionConfigurationPlatforms) = preSolution
		Debug|Any CPU = Debug|Any CPU
		Release|Any CPU = Release|Any CPU
	EndGlobalSection
	GlobalSection(ProjectConfigurationPlatforms) = postSolution
		{0C280740-424B-B66E-132E-AECBE87EB4A5}.Debug|Any CPU.ActiveCfg = Debug|Any CPU
		{0C280740-424B-B66E-132E-AECBE87EB4A5}.Debug|Any CPU.Build.0 = Debug|Any CPU
		{0C280740-424B-B66E-132E-AECBE87EB4A5}.Release|Any CPU.ActiveCfg = Release|Any CPU
		{0C280740-424B-B66E-132E-AECBE87EB4A5}.Release|Any CPU.Build.0 = Release|Any CPU
		{282FFE3C-D647-B03C-72D6-249F33A645B4}.Debug|Any CPU.ActiveCfg = Debug|Any CPU
		{282FFE3C-D647-B03C-72D6-249F33A645B4}.Debug|Any CPU.Build.0 = Debug|Any CPU
		{282FFE3C-D647-B03C-72D6-249F33A645B4}.Release|Any CPU.ActiveCfg = Release|Any CPU
		{282FFE3C-D647-B03C-72D6-249F33A645B4}.Release|Any CPU.Build.0 = Release|Any CPU
		{CBE755D1-9E7D-0C2F-65B4-10D499DBF65C}.Debug|Any CPU.ActiveCfg = Debug|Any CPU
		{CBE755D1-9E7D-0C2F-65B4-10D499DBF65C}.Debug|Any CPU.Build.0 = Debug|Any CPU
		{CBE755D1-9E7D-0C2F-65B4-10D499DBF65C}.Release|Any CPU.ActiveCfg = Release|Any CPU
		{CBE755D1-9E7D-0C2F-65B4-10D499DBF65C}.Release|Any CPU.Build.0 = Release|Any CPU
		{29F3AFF1-8833-47D1-8D81-075F58CFC8BA}.Debug|Any CPU.ActiveCfg = Debug|Any CPU
		{29F3AFF1-8833-47D1-8D81-075F58CFC8BA}.Debug|Any CPU.Build.0 = Debug|Any CPU
		{29F3AFF1-8833-47D1-8D81-075F58CFC8BA}.Release|Any CPU.ActiveCfg = Release|Any CPU
		{29F3AFF1-8833-47D1-8D81-075F58CFC8BA}.Release|Any CPU.Build.0 = Release|Any CPU
		{5DBDB72E-0201-41B0-AE18-1FDE6E0E2D69}.Debug|Any CPU.ActiveCfg = Debug|Any CPU
		{5DBDB72E-0201-41B0-AE18-1FDE6E0E2D69}.Debug|Any CPU.Build.0 = Debug|Any CPU
		{5DBDB72E-0201-41B0-AE18-1FDE6E0E2D69}.Release|Any CPU.ActiveCfg = Release|Any CPU
		{5DBDB72E-0201-41B0-AE18-1FDE6E0E2D69}.Release|Any CPU.Build.0 = Release|Any CPU
		{5C53077C-D96E-458C-9FB5-211E315A9850}.Debug|Any CPU.ActiveCfg = Debug|Any CPU
		{5C53077C-D96E-458C-9FB5-211E315A9850}.Debug|Any CPU.Build.0 = Debug|Any CPU
		{5C53077C-D96E-458C-9FB5-211E315A9850}.Release|Any CPU.ActiveCfg = Release|Any CPU
		{5C53077C-D96E-458C-9FB5-211E315A9850}.Release|Any CPU.Build.0 = Release|Any CPU
		{D4C1A0F3-1E27-4F59-9C2A-8D3A5C4E2B77}.Debug|Any CPU.ActiveCfg = Debug|Any CPU
		{D4C1A0F3-1E27-4F59-9C2A-8D3A5C4E2B77}.Debug|Any CPU.Build.0 = Debug|Any CPU
		{D4C1A0F3-1E27-4F59-9C2A-8D3A5C4E2B77}.Release|Any CPU.ActiveCfg = Release|Any CPU
		{D4C1A0F3-1E27-4F59-9C2A-8D3A5C4E2B77}.Release|Any CPU.Build.0 = Release|Any CPU
	EndGlobalSection
	GlobalSection(SolutionProperties) = preSolution
		HideSolutionNode = FALSE
	EndGlobalSection
	GlobalSection(NestedProjects) = preSolution
		{0C280740-424B-B66E-132E-AECBE87EB4A5} = {E7A194BC-98CE-A69C-200D-44AEAD8B6E32}
		{F3344E01-8BBF-50BD-AED5-00FA3DAE1FC8} = {5854FF58-B8C5-05C6-5BF2-ACE42193F22B}
		{282FFE3C-D647-B03C-72D6-249F33A645B4} = {F3344E01-8BBF-50BD-AED5-00FA3DAE1FC8}
		{0A4BA796-2639-87B5-8D50-FE6CF0121D9B} = {5854FF58-B8C5-05C6-5BF2-ACE42193F22B}
		{CBE755D1-9E7D-0C2F-65B4-10D499DBF65C} = {0A4BA796-2639-87B5-8D50-FE6CF0121D9B}
		{0627CD9B-BA06-0ED9-0877-4FB821572FE7} = {5854FF58-B8C5-05C6-5BF2-ACE42193F22B}
		{29F3AFF1-8833-47D1-8D81-075F58CFC8BA} = {0627CD9B-BA06-0ED9-0877-4FB821572FE7}
		{464142BE-B5B2-AB4B-911D-973DEF93317D} = {5854FF58-B8C5-05C6-5BF2-ACE42193F22B}
		{5DBDB72E-0201-41B0-AE18-1FDE6E0E2D69} = {464142BE-B5B2-AB4B-911D-973DEF93317D}
		{8A063391-14E5-367D-AF30-CE1EDBB2A0E4} = {5854FF58-B8C5-05C6-5BF2-ACE42193F22B}
		{5C53077C-D96E-458C-9FB5-211E315A9850} = {8A063391-14E5-367D-AF30-CE1EDBB2A0E4}
		{A8F0E6D1-7A75-4E60-9C9C-4F0B3E0A4D12} = {5854FF58-B8C5-05C6-5BF2-ACE42193F22B}
		{D4C1A0F3-1E27-4F59-9C2A-8D3A5C4E2B77} = {A8F0E6D1-7A75-4E60-9C9C-4F0B3E0A4D12}
	EndGlobalSection
	GlobalSection(ExtensibilityGlobals) = postSolution
		        SolutionGuid = {86E2B086-15F2-459C-B870-CFC655A3FC14}
	EndGlobalSection
EndGlobal
